// !$*UTF8*$!
{
	archiveVersion = 1;
	classes = {
	};
	objectVersion = 50;
	objects = {

/* Begin PBXBuildFile section */
		69DA969526E1AB1400D60C93 /* AppDelegate.swift in Sources */ = {isa = PBXBuildFile; fileRef = 69DA969426E1AB1400D60C93 /* AppDelegate.swift */; };
		69DA969726E1AB1400D60C93 /* SceneDelegate.swift in Sources */ = {isa = PBXBuildFile; fileRef = 69DA969626E1AB1400D60C93 /* SceneDelegate.swift */; };
		69DA969926E1AB1400D60C93 /* ViewController.swift in Sources */ = {isa = PBXBuildFile; fileRef = 69DA969826E1AB1400D60C93 /* ViewController.swift */; };
		69DA969C26E1AB1400D60C93 /* Main.storyboard in Resources */ = {isa = PBXBuildFile; fileRef = 69DA969A26E1AB1400D60C93 /* Main.storyboard */; };
		69DA969F26E1AB1400D60C93 /* stackView.xcdatamodeld in Sources */ = {isa = PBXBuildFile; fileRef = 69DA969D26E1AB1400D60C93 /* stackView.xcdatamodeld */; };
		69DA96A126E1AB1700D60C93 /* Assets.xcassets in Resources */ = {isa = PBXBuildFile; fileRef = 69DA96A026E1AB1700D60C93 /* Assets.xcassets */; };
		69DA96A426E1AB1700D60C93 /* LaunchScreen.storyboard in Resources */ = {isa = PBXBuildFile; fileRef = 69DA96A226E1AB1700D60C93 /* LaunchScreen.storyboard */; };
/* End PBXBuildFile section */

/* Begin PBXFileReference section */
		69DA969126E1AB1400D60C93 /* stackView.app */ = {isa = PBXFileReference; explicitFileType = wrapper.application; includeInIndex = 0; path = stackView.app; sourceTree = BUILT_PRODUCTS_DIR; };
		69DA969426E1AB1400D60C93 /* AppDelegate.swift */ = {isa = PBXFileReference; lastKnownFileType = sourcecode.swift; path = AppDelegate.swift; sourceTree = "<group>"; };
		69DA969626E1AB1400D60C93 /* SceneDelegate.swift */ = {isa = PBXFileReference; lastKnownFileType = sourcecode.swift; path = SceneDelegate.swift; sourceTree = "<group>"; };
		69DA969826E1AB1400D60C93 /* ViewController.swift */ = {isa = PBXFileReference; lastKnownFileType = sourcecode.swift; path = ViewController.swift; sourceTree = "<group>"; };
		69DA969B26E1AB1400D60C93 /* Base */ = {isa = PBXFileReference; lastKnownFileType = file.storyboard; name = Base; path = Base.lproj/Main.storyboard; sourceTree = "<group>"; };
		69DA969E26E1AB1400D60C93 /* stackView.xcdatamodel */ = {isa = PBXFileReference; lastKnownFileType = wrapper.xcdatamodel; path = stackView.xcdatamodel; sourceTree = "<group>"; };
		69DA96A026E1AB1700D60C93 /* Assets.xcassets */ = {isa = PBXFileReference; lastKnownFileType = folder.assetcatalog; path = Assets.xcassets; sourceTree = "<group>"; };
		69DA96A326E1AB1700D60C93 /* Base */ = {isa = PBXFileReference; lastKnownFileType = file.storyboard; name = Base; path = Base.lproj/LaunchScreen.storyboard; sourceTree = "<group>"; };
		69DA96A526E1AB1700D60C93 /* Info.plist */ = {isa = PBXFileReference; lastKnownFileType = text.plist.xml; path = Info.plist; sourceTree = "<group>"; };
/* End PBXFileReference section */

/* Begin PBXFrameworksBuildPhase section */
		69DA968E26E1AB1400D60C93 /* Frameworks */ = {
			isa = PBXFrameworksBuildPhase;
			buildActionMask = 2147483647;
			files = (
			);
			runOnlyForDeploymentPostprocessing = 0;
		};
/* End PBXFrameworksBuildPhase section */

/* Begin PBXGroup section */
		69DA968826E1AB1400D60C93 = {
			isa = PBXGroup;
			children = (
				69DA969326E1AB1400D60C93 /* stackView */,
				69DA969226E1AB1400D60C93 /* Products */,
			);
			sourceTree = "<group>";
		};
		69DA969226E1AB1400D60C93 /* Products */ = {
			isa = PBXGroup;
			children = (
				69DA969126E1AB1400D60C93 /* stackView.app */,
			);
			name = Products;
			sourceTree = "<group>";
		};
		69DA969326E1AB1400D60C93 /* stackView */ = {
			isa = PBXGroup;
			children = (
				69DA969426E1AB1400D60C93 /* AppDelegate.swift */,
				69DA969626E1AB1400D60C93 /* SceneDelegate.swift */,
				69DA969826E1AB1400D60C93 /* ViewController.swift */,
				69DA969A26E1AB1400D60C93 /* Main.storyboard */,
				69DA96A026E1AB1700D60C93 /* Assets.xcassets */,
				69DA96A226E1AB1700D60C93 /* LaunchScreen.storyboard */,
				69DA96A526E1AB1700D60C93 /* Info.plist */,
				69DA969D26E1AB1400D60C93 /* stackView.xcdatamodeld */,
			);
			path = stackView;
			sourceTree = "<group>";
		};
/* End PBXGroup section */

/* Begin PBXNativeTarget section */
		69DA969026E1AB1400D60C93 /* stackView */ = {
			isa = PBXNativeTarget;
			buildConfigurationList = 69DA96A826E1AB1700D60C93 /* Build configuration list for PBXNativeTarget "stackView" */;
			buildPhases = (
				69DA968D26E1AB1400D60C93 /* Sources */,
				69DA968E26E1AB1400D60C93 /* Frameworks */,
				69DA968F26E1AB1400D60C93 /* Resources */,
			);
			buildRules = (
			);
			dependencies = (
			);
			name = stackView;
			productName = stackView;
			productReference = 69DA969126E1AB1400D60C93 /* stackView.app */;
			productType = "com.apple.product-type.application";
		};
/* End PBXNativeTarget section */

/* Begin PBXProject section */
		69DA968926E1AB1400D60C93 /* Project object */ = {
			isa = PBXProject;
			attributes = {
				LastSwiftUpdateCheck = 1250;
				LastUpgradeCheck = 1250;
				TargetAttributes = {
					69DA969026E1AB1400D60C93 = {
						CreatedOnToolsVersion = 12.5.1;
					};
				};
			};
			buildConfigurationList = 69DA968C26E1AB1400D60C93 /* Build configuration list for PBXProject "stackView" */;
			compatibilityVersion = "Xcode 9.3";
			developmentRegion = en;
			hasScannedForEncodings = 0;
			knownRegions = (
				en,
				Base,
			);
			mainGroup = 69DA968826E1AB1400D60C93;
			productRefGroup = 69DA969226E1AB1400D60C93 /* Products */;
			projectDirPath = "";
			projectRoot = "";
			targets = (
				69DA969026E1AB1400D60C93 /* stackView */,
			);
		};
/* End PBXProject section */

/* Begin PBXResourcesBuildPhase section */
		69DA968F26E1AB1400D60C93 /* Resources */ = {
			isa = PBXResourcesBuildPhase;
			buildActionMask = 2147483647;
			files = (
				69DA96A426E1AB1700D60C93 /* LaunchScreen.storyboard in Resources */,
				69DA96A126E1AB1700D60C93 /* Assets.xcassets in Resources */,
				69DA969C26E1AB1400D60C93 /* Main.storyboard in Resources */,
			);
			runOnlyForDeploymentPostprocessing = 0;
		};
/* End PBXResourcesBuildPhase section */

/* Begin PBXSourcesBuildPhase section */
		69DA968D26E1AB1400D60C93 /* Sources */ = {
			isa = PBXSourcesBuildPhase;
			buildActionMask = 2147483647;
			files = (
				69DA969926E1AB1400D60C93 /* ViewController.swift in Sources */,
				69DA969526E1AB1400D60C93 /* AppDelegate.swift in Sources */,
				69DA969726E1AB1400D60C93 /* SceneDelegate.swift in Sources */,
				69DA969F26E1AB1400D60C93 /* stackView.xcdatamodeld in Sources */,
			);
			runOnlyForDeploymentPostprocessing = 0;
		};
/* End PBXSourcesBuildPhase section */

/* Begin PBXVariantGroup section */
		69DA969A26E1AB1400D60C93 /* Main.storyboard */ = {
			isa = PBXVariantGroup;
			children = (
				69DA969B26E1AB1400D60C93 /* Base */,
			);
			name = Main.storyboard;
			sourceTree = "<group>";
		};
		69DA96A226E1AB1700D60C93 /* LaunchScreen.storyboard */ = {
			isa = PBXVariantGroup;
			children = (
				69DA96A326E1AB1700D60C93 /* Base */,
			);
			name = LaunchScreen.storyboard;
			sourceTree = "<group>";
		};
/* End PBXVariantGroup section */

/* Begin XCBuildConfiguration section */
		69DA96A626E1AB1700D60C93 /* Debug */ = {
			isa = XCBuildConfiguration;
			buildSettings = {
				ALWAYS_SEARCH_USER_PATHS = NO;
				CLANG_ANALYZER_NONNULL = YES;
				CLANG_ANALYZER_NUMBER_OBJECT_CONVERSION = YES_AGGRESSIVE;
				CLANG_CXX_LANGUAGE_STANDARD = "gnu++14";
				CLANG_CXX_LIBRARY = "libc++";
				CLANG_ENABLE_MODULES = YES;
				CLANG_ENABLE_OBJC_ARC = YES;
				CLANG_ENABLE_OBJC_WEAK = YES;
				CLANG_WARN_BLOCK_CAPTURE_AUTORELEASING = YES;
				CLANG_WARN_BOOL_CONVERSION = YES;
				CLANG_WARN_COMMA = YES;
				CLANG_WARN_CONSTANT_CONVERSION = YES;
				CLANG_WARN_DEPRECATED_OBJC_IMPLEMENTATIONS = YES;
				CLANG_WARN_DIRECT_OBJC_ISA_USAGE = YES_ERROR;
				CLANG_WARN_DOCUMENTATION_COMMENTS = YES;
				CLANG_WARN_EMPTY_BODY = YES;
				CLANG_WARN_ENUM_CONVERSION = YES;
				CLANG_WARN_INFINITE_RECURSION = YES;
				CLANG_WARN_INT_CONVERSION = YES;
				CLANG_WARN_NON_LITERAL_NULL_CONVERSION = YES;
				CLANG_WARN_OBJC_IMPLICIT_RETAIN_SELF = YES;
				CLANG_WARN_OBJC_LITERAL_CONVERSION = YES;
				CLANG_WARN_OBJC_ROOT_CLASS = YES_ERROR;
				CLANG_WARN_QUOTED_INCLUDE_IN_FRAMEWORK_HEADER = YES;
				CLANG_WARN_RANGE_LOOP_ANALYSIS = YES;
				CLANG_WARN_STRICT_PROTOTYPES = YES;
				CLANG_WARN_SUSPICIOUS_MOVE = YES;
				CLANG_WARN_UNGUARDED_AVAILABILITY = YES_AGGRESSIVE;
				CLANG_WARN_UNREACHABLE_CODE = YES;
				CLANG_WARN__DUPLICATE_METHOD_MATCH = YES;
				COPY_PHASE_STRIP = NO;
				DEBUG_INFORMATION_FORMAT = dwarf;
				ENABLE_STRICT_OBJC_MSGSEND = YES;
				ENABLE_TESTABILITY = YES;
				GCC_C_LANGUAGE_STANDARD = gnu11;
				GCC_DYNAMIC_NO_PIC = NO;
				GCC_NO_COMMON_BLOCKS = YES;
				GCC_OPTIMIZATION_LEVEL = 0;
				GCC_PREPROCESSOR_DEFINITIONS = (
					"DEBUG=1",
					"$(inherited)",
				);
				GCC_WARN_64_TO_32_BIT_CONVERSION = YES;
				GCC_WARN_ABOUT_RETURN_TYPE = YES_ERROR;
				GCC_WARN_UNDECLARED_SELECTOR = YES;
				GCC_WARN_UNINITIALIZED_AUTOS = YES_AGGRESSIVE;
				GCC_WARN_UNUSED_FUNCTION = YES;
				GCC_WARN_UNUSED_VARIABLE = YES;
				IPHONEOS_DEPLOYMENT_TARGET = 14.5;
				MTL_ENABLE_DEBUG_INFO = INCLUDE_SOURCE;
				MTL_FAST_MATH = YES;
				ONLY_ACTIVE_ARCH = YES;
				SDKROOT = iphoneos;
				SWIFT_ACTIVE_COMPILATION_CONDITIONS = DEBUG;
				SWIFT_OPTIMIZATION_LEVEL = "-Onone";
			};
			name = Debug;
		};
		69DA96A726E1AB1700D60C93 /* Release */ = {
			isa = XCBuildConfiguration;
			buildSettings = {
				ALWAYS_SEARCH_USER_PATHS = NO;
				CLANG_ANALYZER_NONNULL = YES;
				CLANG_ANALYZER_NUMBER_OBJECT_CONVERSION = YES_AGGRESSIVE;
				CLANG_CXX_LANGUAGE_STANDARD = "gnu++14";
				CLANG_CXX_LIBRARY = "libc++";
				CLANG_ENABLE_MODULES = YES;
				CLANG_ENABLE_OBJC_ARC = YES;
				CLANG_ENABLE_OBJC_WEAK = YES;
				CLANG_WARN_BLOCK_CAPTURE_AUTORELEASING = YES;
				CLANG_WARN_BOOL_CONVERSION = YES;
				CLANG_WARN_COMMA = YES;
				CLANG_WARN_CONSTANT_CONVERSION = YES;
				CLANG_WARN_DEPRECATED_OBJC_IMPLEMENTATIONS = YES;
				CLANG_WARN_DIRECT_OBJC_ISA_USAGE = YES_ERROR;
				CLANG_WARN_DOCUMENTATION_COMMENTS = YES;
				CLANG_WARN_EMPTY_BODY = YES;
				CLANG_WARN_ENUM_CONVERSION = YES;
				CLANG_WARN_INFINITE_RECURSION = YES;
				CLANG_WARN_INT_CONVERSION = YES;
				CLANG_WARN_NON_LITERAL_NULL_CONVERSION = YES;
				CLANG_WARN_OBJC_IMPLICIT_RETAIN_SELF = YES;
				CLANG_WARN_OBJC_LITERAL_CONVERSION = YES;
				CLANG_WARN_OBJC_ROOT_CLASS = YES_ERROR;
				CLANG_WARN_QUOTED_INCLUDE_IN_FRAMEWORK_HEADER = YES;
				CLANG_WARN_RANGE_LOOP_ANALYSIS = YES;
				CLANG_WARN_STRICT_PROTOTYPES = YES;
				CLANG_WARN_SUSPICIOUS_MOVE = YES;
				CLANG_WARN_UNGUARDED_AVAILABILITY = YES_AGGRESSIVE;
				CLANG_WARN_UNREACHABLE_CODE = YES;
				CLANG_WARN__DUPLICATE_METHOD_MATCH = YES;
				COPY_PHASE_STRIP = NO;
				DEBUG_INFORMATION_FORMAT = "dwarf-with-dsym";
				ENABLE_NS_ASSERTIONS = NO;
				ENABLE_STRICT_OBJC_MSGSEND = YES;
				GCC_C_LANGUAGE_STANDARD = gnu11;
				GCC_NO_COMMON_BLOCKS = YES;
				GCC_WARN_64_TO_32_BIT_CONVERSION = YES;
				GCC_WARN_ABOUT_RETURN_TYPE = YES_ERROR;
				GCC_WARN_UNDECLARED_SELECTOR = YES;
				GCC_WARN_UNINITIALIZED_AUTOS = YES_AGGRESSIVE;
				GCC_WARN_UNUSED_FUNCTION = YES;
				GCC_WARN_UNUSED_VARIABLE = YES;
				IPHONEOS_DEPLOYMENT_TARGET = 14.5;
				MTL_ENABLE_DEBUG_INFO = NO;
				MTL_FAST_MATH = YES;
				SDKROOT = iphoneos;
				SWIFT_COMPILATION_MODE = wholemodule;
				SWIFT_OPTIMIZATION_LEVEL = "-O";
				VALIDATE_PRODUCT = YES;
			};
			name = Release;
		};
		69DA96A926E1AB1700D60C93 /* Debug */ = {
			isa = XCBuildConfiguration;
			buildSettings = {
				ASSETCATALOG_COMPILER_APPICON_NAME = AppIcon;
				ASSETCATALOG_COMPILER_GLOBAL_ACCENT_COLOR_NAME = AccentColor;
				CODE_SIGN_STYLE = Automatic;
				INFOPLIST_FILE = stackView/Info.plist;
				LD_RUNPATH_SEARCH_PATHS = (
					"$(inherited)",
					"@executable_path/Frameworks",
				);
				PRODUCT_BUNDLE_IDENTIFIER = CLC.stackView;
				PRODUCT_NAME = "$(TARGET_NAME)";
				SWIFT_VERSION = 5.0;
				TARGETED_DEVICE_FAMILY = "1,2";
			};
			name = Debug;
		};
		69DA96AA26E1AB1700D60C93 /* Release */ = {
			isa = XCBuildConfiguration;
			buildSettings = {
				ASSETCATALOG_COMPILER_APPICON_NAME = AppIcon;
				ASSETCATALOG_COMPILER_GLOBAL_ACCENT_COLOR_NAME = AccentColor;
				CODE_SIGN_STYLE = Automatic;
				INFOPLIST_FILE = stackView/Info.plist;
				LD_RUNPATH_SEARCH_PATHS = (
					"$(inherited)",
					"@executable_path/Frameworks",
				);
				PRODUCT_BUNDLE_IDENTIFIER = CLC.stackView;
				PRODUCT_NAME = "$(TARGET_NAME)";
				SWIFT_VERSION = 5.0;
				TARGETED_DEVICE_FAMILY = "1,2";
			};
			name = Release;
		};
/* End XCBuildConfiguration section */

/* Begin XCConfigurationList section */
		69DA968C26E1AB1400D60C93 /* Build configuration list for PBXProject "stackView" */ = {
			isa = XCConfigurationList;
			buildConfigurations = (
				69DA96A626E1AB1700D60C93 /* Debug */,
				69DA96A726E1AB1700D60C93 /* Release */,
			);
			defaultConfigurationIsVisible = 0;
			defaultConfigurationName = Release;
		};
		69DA96A826E1AB1700D60C93 /* Build configuration list for PBXNativeTarget "stackView" */ = {
			isa = XCConfigurationList;
			buildConfigurations = (
				69DA96A926E1AB1700D60C93 /* Debug */,
				69DA96AA26E1AB1700D60C93 /* Release */,
			);
			defaultConfigurationIsVisible = 0;
			defaultConfigurationName = Release;
		};
/* End XCConfigurationList section */

/* Begin XCVersionGroup section */
		69DA969D26E1AB1400D60C93 /* stackView.xcdatamodeld */ = {
			isa = XCVersionGroup;
			children = (
				69DA969E26E1AB1400D60C93 /* stackView.xcdatamodel */,
			);
			currentVersion = 69DA969E26E1AB1400D60C93 /* stackView.xcdatamodel */;
			path = stackView.xcdatamodeld;
			sourceTree = "<group>";
			versionGroupType = wrapper.xcdatamodel;
		};
/* End XCVersionGroup section */
	};
	rootObject = 69DA968926E1AB1400D60C93 /* Project object */;
}
